// !$*UTF8*$!
{
	archiveVersion = 1;
	classes = {
	};
	objectVersion = 56;
	objects = {

/* Begin PBXBuildFile section */
		FA32B3132BA2A5CA00D487C3 /* AppDelegate.swift in Sources */ = {isa = PBXBuildFile; fileRef = FA32B3122BA2A5CA00D487C3 /* AppDelegate.swift */; };
		FA32B3152BA2A5CA00D487C3 /* SceneDelegate.swift in Sources */ = {isa = PBXBuildFile; fileRef = FA32B3142BA2A5CA00D487C3 /* SceneDelegate.swift */; };
		FA32B3172BA2A5CA00D487C3 /* RMTabBarViewController.swift in Sources */ = {isa = PBXBuildFile; fileRef = FA32B3162BA2A5CA00D487C3 /* RMTabBarViewController.swift */; };
		FA32B31C2BA2A5CC00D487C3 /* Assets.xcassets in Resources */ = {isa = PBXBuildFile; fileRef = FA32B31B2BA2A5CC00D487C3 /* Assets.xcassets */; };
		FA32B31F2BA2A5CC00D487C3 /* LaunchScreen.storyboard in Resources */ = {isa = PBXBuildFile; fileRef = FA32B31D2BA2A5CC00D487C3 /* LaunchScreen.storyboard */; };
		FA32B32F2BA2AA8300D487C3 /* RMLocation.swift in Sources */ = {isa = PBXBuildFile; fileRef = FA32B32E2BA2AA8300D487C3 /* RMLocation.swift */; };
		FA32B3312BA2AA9900D487C3 /* RMCharacter.swift in Sources */ = {isa = PBXBuildFile; fileRef = FA32B3302BA2AA9900D487C3 /* RMCharacter.swift */; };
		FA32B3332BA2AAA700D487C3 /* RMEpisode.swift in Sources */ = {isa = PBXBuildFile; fileRef = FA32B3322BA2AAA700D487C3 /* RMEpisode.swift */; };
		FA32B3362BA2AB6600D487C3 /* RMCharacterViewController.swift in Sources */ = {isa = PBXBuildFile; fileRef = FA32B3352BA2AB6600D487C3 /* RMCharacterViewController.swift */; };
		FA32B3382BA2ABBE00D487C3 /* RMLocationViewController.swift in Sources */ = {isa = PBXBuildFile; fileRef = FA32B3372BA2ABBE00D487C3 /* RMLocationViewController.swift */; };
		FA32B33A2BA2ABD000D487C3 /* RMEpisodeViewController.swift in Sources */ = {isa = PBXBuildFile; fileRef = FA32B3392BA2ABD000D487C3 /* RMEpisodeViewController.swift */; };
		FA32B33C2BA2ABDC00D487C3 /* RMSettingViewController.swift in Sources */ = {isa = PBXBuildFile; fileRef = FA32B33B2BA2ABDC00D487C3 /* RMSettingViewController.swift */; };
		FA32B33E2BA2BAAD00D487C3 /* RMService.swift in Sources */ = {isa = PBXBuildFile; fileRef = FA32B33D2BA2BAAD00D487C3 /* RMService.swift */; };
		FA32B3402BA2BAB800D487C3 /* RMRequest.swift in Sources */ = {isa = PBXBuildFile; fileRef = FA32B33F2BA2BAB800D487C3 /* RMRequest.swift */; };
		FA32B3422BA2BC0E00D487C3 /* RMEndpoint.swift in Sources */ = {isa = PBXBuildFile; fileRef = FA32B3412BA2BC0E00D487C3 /* RMEndpoint.swift */; };
		FA32B3442BA2CDE200D487C3 /* RMOrigin.swift in Sources */ = {isa = PBXBuildFile; fileRef = FA32B3432BA2CDE200D487C3 /* RMOrigin.swift */; };
		FA32B3462BA2CE6500D487C3 /* RMSingleLocation.swift in Sources */ = {isa = PBXBuildFile; fileRef = FA32B3452BA2CE6500D487C3 /* RMSingleLocation.swift */; };
		FA32B3482BA2D02800D487C3 /* RMCharacterStatus.swift in Sources */ = {isa = PBXBuildFile; fileRef = FA32B3472BA2D02800D487C3 /* RMCharacterStatus.swift */; };
		FA32B34A2BA2D06D00D487C3 /* RMCharacterGender.swift in Sources */ = {isa = PBXBuildFile; fileRef = FA32B3492BA2D06D00D487C3 /* RMCharacterGender.swift */; };
		FA6151F22BA4010D00E4FDDB /* RMCharacterListViewViewModel.swift in Sources */ = {isa = PBXBuildFile; fileRef = FA6151F12BA4010D00E4FDDB /* RMCharacterListViewViewModel.swift */; };
		FA6151F42BA4022900E4FDDB /* RMCharacterListView.swift in Sources */ = {isa = PBXBuildFile; fileRef = FA6151F32BA4022900E4FDDB /* RMCharacterListView.swift */; };
		FA6151F82BA42A2600E4FDDB /* Extension.swift in Sources */ = {isa = PBXBuildFile; fileRef = FA6151F72BA42A2600E4FDDB /* Extension.swift */; };
		FA6151FA2BA448AF00E4FDDB /* RMCharacterCollectionViewCell.swift in Sources */ = {isa = PBXBuildFile; fileRef = FA6151F92BA448AF00E4FDDB /* RMCharacterCollectionViewCell.swift */; };
		FA7F966A2BA580FF00AA0C67 /* RMCharacterCollectionViewCellViewModel.swift in Sources */ = {isa = PBXBuildFile; fileRef = FA7F96692BA580FF00AA0C67 /* RMCharacterCollectionViewCellViewModel.swift */; };
		FAE3D8D42BA3F0AE00330732 /* RMGetAllCharacterResponse.swift in Sources */ = {isa = PBXBuildFile; fileRef = FAE3D8D32BA3F0AE00330732 /* RMGetAllCharacterResponse.swift */; };
/* End PBXBuildFile section */

/* Begin PBXFileReference section */
		FA32B30F2BA2A5CA00D487C3 /* RickAndMorty.app */ = {isa = PBXFileReference; explicitFileType = wrapper.application; includeInIndex = 0; path = RickAndMorty.app; sourceTree = BUILT_PRODUCTS_DIR; };
		FA32B3122BA2A5CA00D487C3 /* AppDelegate.swift */ = {isa = PBXFileReference; lastKnownFileType = sourcecode.swift; path = AppDelegate.swift; sourceTree = "<group>"; };
		FA32B3142BA2A5CA00D487C3 /* SceneDelegate.swift */ = {isa = PBXFileReference; lastKnownFileType = sourcecode.swift; path = SceneDelegate.swift; sourceTree = "<group>"; };
		FA32B3162BA2A5CA00D487C3 /* RMTabBarViewController.swift */ = {isa = PBXFileReference; lastKnownFileType = sourcecode.swift; path = RMTabBarViewController.swift; sourceTree = "<group>"; };
		FA32B31B2BA2A5CC00D487C3 /* Assets.xcassets */ = {isa = PBXFileReference; lastKnownFileType = folder.assetcatalog; path = Assets.xcassets; sourceTree = "<group>"; };
		FA32B31E2BA2A5CC00D487C3 /* Base */ = {isa = PBXFileReference; lastKnownFileType = file.storyboard; name = Base; path = Base.lproj/LaunchScreen.storyboard; sourceTree = "<group>"; };
		FA32B3202BA2A5CC00D487C3 /* Info.plist */ = {isa = PBXFileReference; lastKnownFileType = text.plist.xml; path = Info.plist; sourceTree = "<group>"; };
		FA32B32E2BA2AA8300D487C3 /* RMLocation.swift */ = {isa = PBXFileReference; lastKnownFileType = sourcecode.swift; path = RMLocation.swift; sourceTree = "<group>"; };
		FA32B3302BA2AA9900D487C3 /* RMCharacter.swift */ = {isa = PBXFileReference; lastKnownFileType = sourcecode.swift; path = RMCharacter.swift; sourceTree = "<group>"; };
		FA32B3322BA2AAA700D487C3 /* RMEpisode.swift */ = {isa = PBXFileReference; lastKnownFileType = sourcecode.swift; path = RMEpisode.swift; sourceTree = "<group>"; };
		FA32B3352BA2AB6600D487C3 /* RMCharacterViewController.swift */ = {isa = PBXFileReference; lastKnownFileType = sourcecode.swift; path = RMCharacterViewController.swift; sourceTree = "<group>"; };
		FA32B3372BA2ABBE00D487C3 /* RMLocationViewController.swift */ = {isa = PBXFileReference; lastKnownFileType = sourcecode.swift; path = RMLocationViewController.swift; sourceTree = "<group>"; };
		FA32B3392BA2ABD000D487C3 /* RMEpisodeViewController.swift */ = {isa = PBXFileReference; lastKnownFileType = sourcecode.swift; path = RMEpisodeViewController.swift; sourceTree = "<group>"; };
		FA32B33B2BA2ABDC00D487C3 /* RMSettingViewController.swift */ = {isa = PBXFileReference; lastKnownFileType = sourcecode.swift; path = RMSettingViewController.swift; sourceTree = "<group>"; };
		FA32B33D2BA2BAAD00D487C3 /* RMService.swift */ = {isa = PBXFileReference; lastKnownFileType = sourcecode.swift; path = RMService.swift; sourceTree = "<group>"; };
		FA32B33F2BA2BAB800D487C3 /* RMRequest.swift */ = {isa = PBXFileReference; lastKnownFileType = sourcecode.swift; path = RMRequest.swift; sourceTree = "<group>"; };
		FA32B3412BA2BC0E00D487C3 /* RMEndpoint.swift */ = {isa = PBXFileReference; lastKnownFileType = sourcecode.swift; path = RMEndpoint.swift; sourceTree = "<group>"; };
		FA32B3432BA2CDE200D487C3 /* RMOrigin.swift */ = {isa = PBXFileReference; lastKnownFileType = sourcecode.swift; path = RMOrigin.swift; sourceTree = "<group>"; };
		FA32B3452BA2CE6500D487C3 /* RMSingleLocation.swift */ = {isa = PBXFileReference; lastKnownFileType = sourcecode.swift; path = RMSingleLocation.swift; sourceTree = "<group>"; };
		FA32B3472BA2D02800D487C3 /* RMCharacterStatus.swift */ = {isa = PBXFileReference; lastKnownFileType = sourcecode.swift; path = RMCharacterStatus.swift; sourceTree = "<group>"; };
		FA32B3492BA2D06D00D487C3 /* RMCharacterGender.swift */ = {isa = PBXFileReference; lastKnownFileType = sourcecode.swift; path = RMCharacterGender.swift; sourceTree = "<group>"; };
		FA6151F12BA4010D00E4FDDB /* RMCharacterListViewViewModel.swift */ = {isa = PBXFileReference; lastKnownFileType = sourcecode.swift; path = RMCharacterListViewViewModel.swift; sourceTree = "<group>"; };
		FA6151F32BA4022900E4FDDB /* RMCharacterListView.swift */ = {isa = PBXFileReference; lastKnownFileType = sourcecode.swift; path = RMCharacterListView.swift; sourceTree = "<group>"; };
		FA6151F72BA42A2600E4FDDB /* Extension.swift */ = {isa = PBXFileReference; lastKnownFileType = sourcecode.swift; path = Extension.swift; sourceTree = "<group>"; };
		FA6151F92BA448AF00E4FDDB /* RMCharacterCollectionViewCell.swift */ = {isa = PBXFileReference; lastKnownFileType = sourcecode.swift; path = RMCharacterCollectionViewCell.swift; sourceTree = "<group>"; };
		FA7F96692BA580FF00AA0C67 /* RMCharacterCollectionViewCellViewModel.swift */ = {isa = PBXFileReference; lastKnownFileType = sourcecode.swift; path = RMCharacterCollectionViewCellViewModel.swift; sourceTree = "<group>"; };
		FAE3D8D32BA3F0AE00330732 /* RMGetAllCharacterResponse.swift */ = {isa = PBXFileReference; lastKnownFileType = sourcecode.swift; path = RMGetAllCharacterResponse.swift; sourceTree = "<group>"; };
/* End PBXFileReference section */

/* Begin PBXFrameworksBuildPhase section */
		FA32B30C2BA2A5CA00D487C3 /* Frameworks */ = {
			isa = PBXFrameworksBuildPhase;
			buildActionMask = 2147483647;
			files = (
			);
			runOnlyForDeploymentPostprocessing = 0;
		};
/* End PBXFrameworksBuildPhase section */

/* Begin PBXGroup section */
		FA32B3062BA2A5CA00D487C3 = {
			isa = PBXGroup;
			children = (
				FA32B3112BA2A5CA00D487C3 /* RickAndMorty */,
				FA32B3102BA2A5CA00D487C3 /* Products */,
			);
			sourceTree = "<group>";
		};
		FA32B3102BA2A5CA00D487C3 /* Products */ = {
			isa = PBXGroup;
			children = (
				FA32B30F2BA2A5CA00D487C3 /* RickAndMorty.app */,
			);
			name = Products;
			sourceTree = "<group>";
		};
		FA32B3112BA2A5CA00D487C3 /* RickAndMorty */ = {
			isa = PBXGroup;
			children = (
				FA32B3202BA2A5CC00D487C3 /* Info.plist */,
				FA32B3292BA2A91100D487C3 /* APIClient */,
				FA32B32A2BA2A92600D487C3 /* Controllers */,
				FA32B3272BA2A90200D487C3 /* Managers */,
				FA32B3282BA2A90A00D487C3 /* Models */,
				FA32B3262BA2A8FA00D487C3 /* Resources */,
				FA32B32C2BA2A94200D487C3 /* ViewModels */,
				FA32B32B2BA2A93900D487C3 /* Views */,
			);
			path = RickAndMorty;
			sourceTree = "<group>";
		};
		FA32B3262BA2A8FA00D487C3 /* Resources */ = {
			isa = PBXGroup;
			children = (
				FA32B31B2BA2A5CC00D487C3 /* Assets.xcassets */,
				FA32B31D2BA2A5CC00D487C3 /* LaunchScreen.storyboard */,
				FA32B3122BA2A5CA00D487C3 /* AppDelegate.swift */,
				FA32B3142BA2A5CA00D487C3 /* SceneDelegate.swift */,
				FA6151F72BA42A2600E4FDDB /* Extension.swift */,
			);
			path = Resources;
			sourceTree = "<group>";
		};
		FA32B3272BA2A90200D487C3 /* Managers */ = {
			isa = PBXGroup;
			children = (
			);
			path = Managers;
			sourceTree = "<group>";
		};
		FA32B3282BA2A90A00D487C3 /* Models */ = {
			isa = PBXGroup;
			children = (
				FAE3D8D22BA3F07300330732 /* APIResponseType */,
				FAE3D8D12BA3F05500330732 /* DataTypes */,
			);
			path = Models;
			sourceTree = "<group>";
		};
		FA32B3292BA2A91100D487C3 /* APIClient */ = {
			isa = PBXGroup;
			children = (
				FA32B33D2BA2BAAD00D487C3 /* RMService.swift */,
				FA32B33F2BA2BAB800D487C3 /* RMRequest.swift */,
				FA32B3412BA2BC0E00D487C3 /* RMEndpoint.swift */,
			);
			path = APIClient;
			sourceTree = "<group>";
		};
		FA32B32A2BA2A92600D487C3 /* Controllers */ = {
			isa = PBXGroup;
			children = (
				FA32B3342BA2AB4000D487C3 /* core */,
			);
			path = Controllers;
			sourceTree = "<group>";
		};
		FA32B32B2BA2A93900D487C3 /* Views */ = {
			isa = PBXGroup;
			children = (
				FA6151F32BA4022900E4FDDB /* RMCharacterListView.swift */,
				FA6151F92BA448AF00E4FDDB /* RMCharacterCollectionViewCell.swift */,
			);
			path = Views;
			sourceTree = "<group>";
		};
		FA32B32C2BA2A94200D487C3 /* ViewModels */ = {
			isa = PBXGroup;
			children = (
				FA6151F12BA4010D00E4FDDB /* RMCharacterListViewViewModel.swift */,
				FA7F96692BA580FF00AA0C67 /* RMCharacterCollectionViewCellViewModel.swift */,
			);
			path = ViewModels;
			sourceTree = "<group>";
		};
		FA32B3342BA2AB4000D487C3 /* core */ = {
			isa = PBXGroup;
			children = (
				FA32B3162BA2A5CA00D487C3 /* RMTabBarViewController.swift */,
				FA32B3352BA2AB6600D487C3 /* RMCharacterViewController.swift */,
				FA32B3372BA2ABBE00D487C3 /* RMLocationViewController.swift */,
				FA32B3392BA2ABD000D487C3 /* RMEpisodeViewController.swift */,
				FA32B33B2BA2ABDC00D487C3 /* RMSettingViewController.swift */,
			);
			path = core;
			sourceTree = "<group>";
		};
		FAE3D8D12BA3F05500330732 /* DataTypes */ = {
			isa = PBXGroup;
			children = (
				FA32B32E2BA2AA8300D487C3 /* RMLocation.swift */,
				FA32B3302BA2AA9900D487C3 /* RMCharacter.swift */,
				FA32B3322BA2AAA700D487C3 /* RMEpisode.swift */,
				FA32B3432BA2CDE200D487C3 /* RMOrigin.swift */,
				FA32B3452BA2CE6500D487C3 /* RMSingleLocation.swift */,
				FA32B3472BA2D02800D487C3 /* RMCharacterStatus.swift */,
				FA32B3492BA2D06D00D487C3 /* RMCharacterGender.swift */,
			);
			path = DataTypes;
			sourceTree = "<group>";
		};
		FAE3D8D22BA3F07300330732 /* APIResponseType */ = {
			isa = PBXGroup;
			children = (
				FAE3D8D32BA3F0AE00330732 /* RMGetAllCharacterResponse.swift */,
			);
			path = APIResponseType;
			sourceTree = "<group>";
		};
/* End PBXGroup section */

/* Begin PBXNativeTarget section */
		FA32B30E2BA2A5CA00D487C3 /* RickAndMorty */ = {
			isa = PBXNativeTarget;
			buildConfigurationList = FA32B3232BA2A5CC00D487C3 /* Build configuration list for PBXNativeTarget "RickAndMorty" */;
			buildPhases = (
				FA32B30B2BA2A5CA00D487C3 /* Sources */,
				FA32B30C2BA2A5CA00D487C3 /* Frameworks */,
				FA32B30D2BA2A5CA00D487C3 /* Resources */,
			);
			buildRules = (
			);
			dependencies = (
			);
			name = RickAndMorty;
			productName = RickAndMorty;
			productReference = FA32B30F2BA2A5CA00D487C3 /* RickAndMorty.app */;
			productType = "com.apple.product-type.application";
		};
/* End PBXNativeTarget section */

/* Begin PBXProject section */
		FA32B3072BA2A5CA00D487C3 /* Project object */ = {
			isa = PBXProject;
			attributes = {
				BuildIndependentTargetsInParallel = 1;
				LastSwiftUpdateCheck = 1420;
				LastUpgradeCheck = 1420;
				TargetAttributes = {
					FA32B30E2BA2A5CA00D487C3 = {
						CreatedOnToolsVersion = 14.2;
					};
				};
			};
			buildConfigurationList = FA32B30A2BA2A5CA00D487C3 /* Build configuration list for PBXProject "RickAndMorty" */;
			compatibilityVersion = "Xcode 14.0";
			developmentRegion = en;
			hasScannedForEncodings = 0;
			knownRegions = (
				en,
				Base,
			);
			mainGroup = FA32B3062BA2A5CA00D487C3;
			productRefGroup = FA32B3102BA2A5CA00D487C3 /* Products */;
			projectDirPath = "";
			projectRoot = "";
			targets = (
				FA32B30E2BA2A5CA00D487C3 /* RickAndMorty */,
			);
		};
/* End PBXProject section */

/* Begin PBXResourcesBuildPhase section */
		FA32B30D2BA2A5CA00D487C3 /* Resources */ = {
			isa = PBXResourcesBuildPhase;
			buildActionMask = 2147483647;
			files = (
				FA32B31F2BA2A5CC00D487C3 /* LaunchScreen.storyboard in Resources */,
				FA32B31C2BA2A5CC00D487C3 /* Assets.xcassets in Resources */,
			);
			runOnlyForDeploymentPostprocessing = 0;
		};
/* End PBXResourcesBuildPhase section */

/* Begin PBXSourcesBuildPhase section */
		FA32B30B2BA2A5CA00D487C3 /* Sources */ = {
			isa = PBXSourcesBuildPhase;
			buildActionMask = 2147483647;
			files = (
				FAE3D8D42BA3F0AE00330732 /* RMGetAllCharacterResponse.swift in Sources */,
				FA32B3442BA2CDE200D487C3 /* RMOrigin.swift in Sources */,
				FA6151F42BA4022900E4FDDB /* RMCharacterListView.swift in Sources */,
				FA32B3462BA2CE6500D487C3 /* RMSingleLocation.swift in Sources */,
				FA6151FA2BA448AF00E4FDDB /* RMCharacterCollectionViewCell.swift in Sources */,
				FA32B3482BA2D02800D487C3 /* RMCharacterStatus.swift in Sources */,
				FA32B34A2BA2D06D00D487C3 /* RMCharacterGender.swift in Sources */,
				FA32B3382BA2ABBE00D487C3 /* RMLocationViewController.swift in Sources */,
				FA32B3332BA2AAA700D487C3 /* RMEpisode.swift in Sources */,
				FA32B3172BA2A5CA00D487C3 /* RMTabBarViewController.swift in Sources */,
				FA6151F82BA42A2600E4FDDB /* Extension.swift in Sources */,
				FA32B33A2BA2ABD000D487C3 /* RMEpisodeViewController.swift in Sources */,
				FA32B33C2BA2ABDC00D487C3 /* RMSettingViewController.swift in Sources */,
				FA32B3132BA2A5CA00D487C3 /* AppDelegate.swift in Sources */,
				FA32B3152BA2A5CA00D487C3 /* SceneDelegate.swift in Sources */,
				FA32B33E2BA2BAAD00D487C3 /* RMService.swift in Sources */,
				FA32B32F2BA2AA8300D487C3 /* RMLocation.swift in Sources */,
				FA32B3422BA2BC0E00D487C3 /* RMEndpoint.swift in Sources */,
				FA32B3312BA2AA9900D487C3 /* RMCharacter.swift in Sources */,
				FA7F966A2BA580FF00AA0C67 /* RMCharacterCollectionViewCellViewModel.swift in Sources */,
				FA32B3402BA2BAB800D487C3 /* RMRequest.swift in Sources */,
				FA6151F22BA4010D00E4FDDB /* RMCharacterListViewViewModel.swift in Sources */,
				FA32B3362BA2AB6600D487C3 /* RMCharacterViewController.swift in Sources */,
			);
			runOnlyForDeploymentPostprocessing = 0;
		};
/* End PBXSourcesBuildPhase section */

/* Begin PBXVariantGroup section */
		FA32B31D2BA2A5CC00D487C3 /* LaunchScreen.storyboard */ = {
			isa = PBXVariantGroup;
			children = (
				FA32B31E2BA2A5CC00D487C3 /* Base */,
			);
			name = LaunchScreen.storyboard;
			sourceTree = "<group>";
		};
/* End PBXVariantGroup section */

/* Begin XCBuildConfiguration section */
		FA32B3212BA2A5CC00D487C3 /* Debug */ = {
			isa = XCBuildConfiguration;
			buildSettings = {
				ALWAYS_SEARCH_USER_PATHS = NO;
				CLANG_ANALYZER_NONNULL = YES;
				CLANG_ANALYZER_NUMBER_OBJECT_CONVERSION = YES_AGGRESSIVE;
				CLANG_CXX_LANGUAGE_STANDARD = "gnu++20";
				CLANG_ENABLE_MODULES = YES;
				CLANG_ENABLE_OBJC_ARC = YES;
				CLANG_ENABLE_OBJC_WEAK = YES;
				CLANG_WARN_BLOCK_CAPTURE_AUTORELEASING = YES;
				CLANG_WARN_BOOL_CONVERSION = YES;
				CLANG_WARN_COMMA = YES;
				CLANG_WARN_CONSTANT_CONVERSION = YES;
				CLANG_WARN_DEPRECATED_OBJC_IMPLEMENTATIONS = YES;
				CLANG_WARN_DIRECT_OBJC_ISA_USAGE = YES_ERROR;
				CLANG_WARN_DOCUMENTATION_COMMENTS = YES;
				CLANG_WARN_EMPTY_BODY = YES;
				CLANG_WARN_ENUM_CONVERSION = YES;
				CLANG_WARN_INFINITE_RECURSION = YES;
				CLANG_WARN_INT_CONVERSION = YES;
				CLANG_WARN_NON_LITERAL_NULL_CONVERSION = YES;
				CLANG_WARN_OBJC_IMPLICIT_RETAIN_SELF = YES;
				CLANG_WARN_OBJC_LITERAL_CONVERSION = YES;
				CLANG_WARN_OBJC_ROOT_CLASS = YES_ERROR;
				CLANG_WARN_QUOTED_INCLUDE_IN_FRAMEWORK_HEADER = YES;
				CLANG_WARN_RANGE_LOOP_ANALYSIS = YES;
				CLANG_WARN_STRICT_PROTOTYPES = YES;
				CLANG_WARN_SUSPICIOUS_MOVE = YES;
				CLANG_WARN_UNGUARDED_AVAILABILITY = YES_AGGRESSIVE;
				CLANG_WARN_UNREACHABLE_CODE = YES;
				CLANG_WARN__DUPLICATE_METHOD_MATCH = YES;
				COPY_PHASE_STRIP = NO;
				DEBUG_INFORMATION_FORMAT = dwarf;
				ENABLE_STRICT_OBJC_MSGSEND = YES;
				ENABLE_TESTABILITY = YES;
				GCC_C_LANGUAGE_STANDARD = gnu11;
				GCC_DYNAMIC_NO_PIC = NO;
				GCC_NO_COMMON_BLOCKS = YES;
				GCC_OPTIMIZATION_LEVEL = 0;
				GCC_PREPROCESSOR_DEFINITIONS = (
					"DEBUG=1",
					"$(inherited)",
				);
				GCC_WARN_64_TO_32_BIT_CONVERSION = YES;
				GCC_WARN_ABOUT_RETURN_TYPE = YES_ERROR;
				GCC_WARN_UNDECLARED_SELECTOR = YES;
				GCC_WARN_UNINITIALIZED_AUTOS = YES_AGGRESSIVE;
				GCC_WARN_UNUSED_FUNCTION = YES;
				GCC_WARN_UNUSED_VARIABLE = YES;
				IPHONEOS_DEPLOYMENT_TARGET = 16.2;
				MTL_ENABLE_DEBUG_INFO = INCLUDE_SOURCE;
				MTL_FAST_MATH = YES;
				ONLY_ACTIVE_ARCH = YES;
				SDKROOT = iphoneos;
				SWIFT_ACTIVE_COMPILATION_CONDITIONS = DEBUG;
				SWIFT_OPTIMIZATION_LEVEL = "-Onone";
			};
			name = Debug;
		};
		FA32B3222BA2A5CC00D487C3 /* Release */ = {
			isa = XCBuildConfiguration;
			buildSettings = {
				ALWAYS_SEARCH_USER_PATHS = NO;
				CLANG_ANALYZER_NONNULL = YES;
				CLANG_ANALYZER_NUMBER_OBJECT_CONVERSION = YES_AGGRESSIVE;
				CLANG_CXX_LANGUAGE_STANDARD = "gnu++20";
				CLANG_ENABLE_MODULES = YES;
				CLANG_ENABLE_OBJC_ARC = YES;
				CLANG_ENABLE_OBJC_WEAK = YES;
				CLANG_WARN_BLOCK_CAPTURE_AUTORELEASING = YES;
				CLANG_WARN_BOOL_CONVERSION = YES;
				CLANG_WARN_COMMA = YES;
				CLANG_WARN_CONSTANT_CONVERSION = YES;
				CLANG_WARN_DEPRECATED_OBJC_IMPLEMENTATIONS = YES;
				CLANG_WARN_DIRECT_OBJC_ISA_USAGE = YES_ERROR;
				CLANG_WARN_DOCUMENTATION_COMMENTS = YES;
				CLANG_WARN_EMPTY_BODY = YES;
				CLANG_WARN_ENUM_CONVERSION = YES;
				CLANG_WARN_INFINITE_RECURSION = YES;
				CLANG_WARN_INT_CONVERSION = YES;
				CLANG_WARN_NON_LITERAL_NULL_CONVERSION = YES;
				CLANG_WARN_OBJC_IMPLICIT_RETAIN_SELF = YES;
				CLANG_WARN_OBJC_LITERAL_CONVERSION = YES;
				CLANG_WARN_OBJC_ROOT_CLASS = YES_ERROR;
				CLANG_WARN_QUOTED_INCLUDE_IN_FRAMEWORK_HEADER = YES;
				CLANG_WARN_RANGE_LOOP_ANALYSIS = YES;
				CLANG_WARN_STRICT_PROTOTYPES = YES;
				CLANG_WARN_SUSPICIOUS_MOVE = YES;
				CLANG_WARN_UNGUARDED_AVAILABILITY = YES_AGGRESSIVE;
				CLANG_WARN_UNREACHABLE_CODE = YES;
				CLANG_WARN__DUPLICATE_METHOD_MATCH = YES;
				COPY_PHASE_STRIP = NO;
				DEBUG_INFORMATION_FORMAT = "dwarf-with-dsym";
				ENABLE_NS_ASSERTIONS = NO;
				ENABLE_STRICT_OBJC_MSGSEND = YES;
				GCC_C_LANGUAGE_STANDARD = gnu11;
				GCC_NO_COMMON_BLOCKS = YES;
				GCC_WARN_64_TO_32_BIT_CONVERSION = YES;
				GCC_WARN_ABOUT_RETURN_TYPE = YES_ERROR;
				GCC_WARN_UNDECLARED_SELECTOR = YES;
				GCC_WARN_UNINITIALIZED_AUTOS = YES_AGGRESSIVE;
				GCC_WARN_UNUSED_FUNCTION = YES;
				GCC_WARN_UNUSED_VARIABLE = YES;
				IPHONEOS_DEPLOYMENT_TARGET = 16.2;
				MTL_ENABLE_DEBUG_INFO = NO;
				MTL_FAST_MATH = YES;
				SDKROOT = iphoneos;
				SWIFT_COMPILATION_MODE = wholemodule;
				SWIFT_OPTIMIZATION_LEVEL = "-O";
				VALIDATE_PRODUCT = YES;
			};
			name = Release;
		};
		FA32B3242BA2A5CC00D487C3 /* Debug */ = {
			isa = XCBuildConfiguration;
			buildSettings = {
				ASSETCATALOG_COMPILER_APPICON_NAME = AppIcon;
				ASSETCATALOG_COMPILER_GLOBAL_ACCENT_COLOR_NAME = AccentColor;
				CODE_SIGN_STYLE = Automatic;
				CURRENT_PROJECT_VERSION = 1;
				DEVELOPMENT_TEAM = LGGRY4MV7N;
				GENERATE_INFOPLIST_FILE = YES;
				INFOPLIST_FILE = RickAndMorty/Info.plist;
				INFOPLIST_KEY_UIApplicationSupportsIndirectInputEvents = YES;
				INFOPLIST_KEY_UILaunchStoryboardName = LaunchScreen;
				INFOPLIST_KEY_UISupportedInterfaceOrientations_iPad = "UIInterfaceOrientationPortrait UIInterfaceOrientationPortraitUpsideDown UIInterfaceOrientationLandscapeLeft UIInterfaceOrientationLandscapeRight";
				INFOPLIST_KEY_UISupportedInterfaceOrientations_iPhone = "UIInterfaceOrientationPortrait UIInterfaceOrientationLandscapeLeft UIInterfaceOrientationLandscapeRight";
				LD_RUNPATH_SEARCH_PATHS = (
					"$(inherited)",
					"@executable_path/Frameworks",
				);
				MARKETING_VERSION = 1.0;
				PRODUCT_BUNDLE_IDENTIFIER = com.rizkysiregar.RickAndMorty;
				PRODUCT_NAME = "$(TARGET_NAME)";
				SWIFT_EMIT_LOC_STRINGS = YES;
				SWIFT_VERSION = 5.0;
				TARGETED_DEVICE_FAMILY = "1,2";
			};
			name = Debug;
		};
		FA32B3252BA2A5CC00D487C3 /* Release */ = {
			isa = XCBuildConfiguration;
			buildSettings = {
				ASSETCATALOG_COMPILER_APPICON_NAME = AppIcon;
				ASSETCATALOG_COMPILER_GLOBAL_ACCENT_COLOR_NAME = AccentColor;
				CODE_SIGN_STYLE = Automatic;
				CURRENT_PROJECT_VERSION = 1;
				DEVELOPMENT_TEAM = LGGRY4MV7N;
				GENERATE_INFOPLIST_FILE = YES;
				INFOPLIST_FILE = RickAndMorty/Info.plist;
				INFOPLIST_KEY_UIApplicationSupportsIndirectInputEvents = YES;
				INFOPLIST_KEY_UILaunchStoryboardName = LaunchScreen;
				INFOPLIST_KEY_UISupportedInterfaceOrientations_iPad = "UIInterfaceOrientationPortrait UIInterfaceOrientationPortraitUpsideDown UIInterfaceOrientationLandscapeLeft UIInterfaceOrientationLandscapeRight";
				INFOPLIST_KEY_UISupportedInterfaceOrientations_iPhone = "UIInterfaceOrientationPortrait UIInterfaceOrientationLandscapeLeft UIInterfaceOrientationLandscapeRight";
				LD_RUNPATH_SEARCH_PATHS = (
					"$(inherited)",
					"@executable_path/Frameworks",
				);
				MARKETING_VERSION = 1.0;
				PRODUCT_BUNDLE_IDENTIFIER = com.rizkysiregar.RickAndMorty;
				PRODUCT_NAME = "$(TARGET_NAME)";
				SWIFT_EMIT_LOC_STRINGS = YES;
				SWIFT_VERSION = 5.0;
				TARGETED_DEVICE_FAMILY = "1,2";
			};
			name = Release;
		};
/* End XCBuildConfiguration section */

/* Begin XCConfigurationList section */
		FA32B30A2BA2A5CA00D487C3 /* Build configuration list for PBXProject "RickAndMorty" */ = {
			isa = XCConfigurationList;
			buildConfigurations = (
				FA32B3212BA2A5CC00D487C3 /* Debug */,
				FA32B3222BA2A5CC00D487C3 /* Release */,
			);
			defaultConfigurationIsVisible = 0;
			defaultConfigurationName = Release;
		};
		FA32B3232BA2A5CC00D487C3 /* Build configuration list for PBXNativeTarget "RickAndMorty" */ = {
			isa = XCConfigurationList;
			buildConfigurations = (
				FA32B3242BA2A5CC00D487C3 /* Debug */,
				FA32B3252BA2A5CC00D487C3 /* Release */,
			);
			defaultConfigurationIsVisible = 0;
			defaultConfigurationName = Release;
		};
/* End XCConfigurationList section */
	};
	rootObject = FA32B3072BA2A5CA00D487C3 /* Project object */;
}
